
Microsoft Visual Studio Solution File, Format Version 12.00
# Visual Studio Version 16
VisualStudioVersion = 16.0.30907.101
MinimumVisualStudioVersion = 10.0.40219.1
Project("{FAE04EC0-301F-11D3-BF4B-00C04F79EFBC}") = "GenerateTeacherKyokumen", "GenerateTeacherKyokumen\GenerateTeacherKyokumen.csproj", "{4D1D1596-9D19-4D84-91DA-154C089756AB}"
EndProject
Global
	GlobalSection(SolutionConfigurationPlatforms) = preSolution
		Debug|Any CPU = Debug|Any CPU
		Release|Any CPU = Release|Any CPU
	EndGlobalSection
	GlobalSection(ProjectConfigurationPlatforms) = postSolution
		{4D1D1596-9D19-4D84-91DA-154C089756AB}.Debug|Any CPU.ActiveCfg = Debug|Any CPU
		{4D1D1596-9D19-4D84-91DA-154C089756AB}.Debug|Any CPU.Build.0 = Debug|Any CPU
		{4D1D1596-9D19-4D84-91DA-154C089756AB}.Release|Any CPU.ActiveCfg = Release|Any CPU
		{4D1D1596-9D19-4D84-91DA-154C089756AB}.Release|Any CPU.Build.0 = Release|Any CPU
	EndGlobalSection
	GlobalSection(SolutionProperties) = preSolution
		HideSolutionNode = FALSE
	EndGlobalSection
	GlobalSection(ExtensibilityGlobals) = postSolution
		SolutionGuid = {CD117979-5C81-4D78-8641-22C9F90E9A20}
	EndGlobalSection
EndGlobal
